
Microsoft Visual Studio Solution File, Format Version 12.00
# Visual Studio Version 17
VisualStudioVersion = 17.14.36518.9
MinimumVisualStudioVersion = 10.0.40219.1
Project("{FAE04EC0-301F-11D3-BF4B-00C04F79EFBC}") = "OnlineCourseSystem.Auth", "OnlineCourseSystem.Auth\OnlineCourseSystem.Auth.csproj", "{EBBB211B-4949-468A-BFC5-86648D2E27C6}"
EndProject
Project("{FAE04EC0-301F-11D3-BF4B-00C04F79EFBC}") = "GlobalResponse.Shared", "GlobalResponse.Shared\GlobalResponse.Shared.csproj", "{AE8BC13D-98B9-4C6D-A6A7-D56240DBC50B}"
EndProject
Project("{FAE04EC0-301F-11D3-BF4B-00C04F79EFBC}") = "online_curess_task", "online_curess_task\online_curess_task.csproj", "{720D6FDF-574E-4F69-9386-D275FDF45D7A}"
EndProject
Global
	GlobalSection(SolutionConfigurationPlatforms) = preSolution
		Debug|Any CPU = Debug|Any CPU
		Release|Any CPU = Release|Any CPU
	EndGlobalSection
	GlobalSection(ProjectConfigurationPlatforms) = postSolution
		{EBBB211B-4949-468A-BFC5-86648D2E27C6}.Debug|Any CPU.ActiveCfg = Debug|Any CPU
		{EBBB211B-4949-468A-BFC5-86648D2E27C6}.Debug|Any CPU.Build.0 = Debug|Any CPU
		{EBBB211B-4949-468A-BFC5-86648D2E27C6}.Release|Any CPU.ActiveCfg = Release|Any CPU
		{EBBB211B-4949-468A-BFC5-86648D2E27C6}.Release|Any CPU.Build.0 = Release|Any CPU
		{AE8BC13D-98B9-4C6D-A6A7-D56240DBC50B}.Debug|Any CPU.ActiveCfg = Debug|Any CPU
		{AE8BC13D-98B9-4C6D-A6A7-D56240DBC50B}.Debug|Any CPU.Build.0 = Debug|Any CPU
		{AE8BC13D-98B9-4C6D-A6A7-D56240DBC50B}.Release|Any CPU.ActiveCfg = Release|Any CPU
		{AE8BC13D-98B9-4C6D-A6A7-D56240DBC50B}.Release|Any CPU.Build.0 = Release|Any CPU
		{720D6FDF-574E-4F69-9386-D275FDF45D7A}.Debug|Any CPU.ActiveCfg = Debug|Any CPU
		{720D6FDF-574E-4F69-9386-D275FDF45D7A}.Debug|Any CPU.Build.0 = Debug|Any CPU
		{720D6FDF-574E-4F69-9386-D275FDF45D7A}.Release|Any CPU.ActiveCfg = Release|Any CPU
		{720D6FDF-574E-4F69-9386-D275FDF45D7A}.Release|Any CPU.Build.0 = Release|Any CPU
	EndGlobalSection
	GlobalSection(SolutionProperties) = preSolution
		HideSolutionNode = FALSE
	EndGlobalSection
	GlobalSection(ExtensibilityGlobals) = postSolution
		SolutionGuid = {37A8A61C-C4C6-44B7-9D23-95948C35EE76}
	EndGlobalSection
EndGlobal
